
Microsoft Visual Studio Solution File, Format Version 12.00
# Visual Studio 2013
VisualStudioVersion = 12.0.40629.0
MinimumVisualStudioVersion = 10.0.40219.1
Project("{FAE04EC0-301F-11D3-BF4B-00C04F79EFBC}") = "Empire", "Empire\Empire.csproj", "{EC2C86C3-D6C1-4989-B4C7-0E219271F1F7}"
EndProject
Project("{FAE04EC0-301F-11D3-BF4B-00C04F79EFBC}") = "TestConsoleApplication", "TestConsoleApplication\TestConsoleApplication.csproj", "{E2FCA2C4-7EC6-4895-99A2-DE76A463B087}"
EndProject
Project("{FAE04EC0-301F-11D3-BF4B-00C04F79EFBC}") = "BackEnd", "BackEnd\BackEnd.csproj", "{AF3821E5-3AFB-4399-88FA-4B68BD44B28C}"
EndProject
Project("{FAE04EC0-301F-11D3-BF4B-00C04F79EFBC}") = "FrontEnd", "FrontEnd\FrontEnd.csproj", "{6A8AE078-0275-4C9C-9FA3-82B04B728B22}"
EndProject
Global
	GlobalSection(SolutionConfigurationPlatforms) = preSolution
		Debug|Any CPU = Debug|Any CPU
		Release|Any CPU = Release|Any CPU
	EndGlobalSection
	GlobalSection(ProjectConfigurationPlatforms) = postSolution
		{EC2C86C3-D6C1-4989-B4C7-0E219271F1F7}.Debug|Any CPU.ActiveCfg = Debug|Any CPU
		{EC2C86C3-D6C1-4989-B4C7-0E219271F1F7}.Debug|Any CPU.Build.0 = Debug|Any CPU
		{EC2C86C3-D6C1-4989-B4C7-0E219271F1F7}.Release|Any CPU.ActiveCfg = Release|Any CPU
		{EC2C86C3-D6C1-4989-B4C7-0E219271F1F7}.Release|Any CPU.Build.0 = Release|Any CPU
		{E2FCA2C4-7EC6-4895-99A2-DE76A463B087}.Debug|Any CPU.ActiveCfg = Debug|Any CPU
		{E2FCA2C4-7EC6-4895-99A2-DE76A463B087}.Debug|Any CPU.Build.0 = Debug|Any CPU
		{E2FCA2C4-7EC6-4895-99A2-DE76A463B087}.Release|Any CPU.ActiveCfg = Release|Any CPU
		{E2FCA2C4-7EC6-4895-99A2-DE76A463B087}.Release|Any CPU.Build.0 = Release|Any CPU
		{AF3821E5-3AFB-4399-88FA-4B68BD44B28C}.Debug|Any CPU.ActiveCfg = Debug|Any CPU
		{AF3821E5-3AFB-4399-88FA-4B68BD44B28C}.Debug|Any CPU.Build.0 = Debug|Any CPU
		{AF3821E5-3AFB-4399-88FA-4B68BD44B28C}.Release|Any CPU.ActiveCfg = Release|Any CPU
		{AF3821E5-3AFB-4399-88FA-4B68BD44B28C}.Release|Any CPU.Build.0 = Release|Any CPU
		{6A8AE078-0275-4C9C-9FA3-82B04B728B22}.Debug|Any CPU.ActiveCfg = Debug|Any CPU
		{6A8AE078-0275-4C9C-9FA3-82B04B728B22}.Debug|Any CPU.Build.0 = Debug|Any CPU
		{6A8AE078-0275-4C9C-9FA3-82B04B728B22}.Release|Any CPU.ActiveCfg = Release|Any CPU
		{6A8AE078-0275-4C9C-9FA3-82B04B728B22}.Release|Any CPU.Build.0 = Release|Any CPU
	EndGlobalSection
	GlobalSection(SolutionProperties) = preSolution
		HideSolutionNode = FALSE
	EndGlobalSection
EndGlobal
